
Microsoft Visual Studio Solution File, Format Version 12.00
# Visual Studio 14
VisualStudioVersion = 14.0.25123.0
MinimumVisualStudioVersion = 10.0.40219.1
Project("{FAE04EC0-301F-11D3-BF4B-00C04F79EFBC}") = "QTMvc5Shop.Common", "QTMvc5Shop.Common\QTMvc5Shop.Common.csproj", "{F3EF84D5-49D5-4C8F-BC3C-363DF7CC9F18}"
EndProject
Project("{FAE04EC0-301F-11D3-BF4B-00C04F79EFBC}") = "QTMvc5Shop.Model", "QTMvc5Shop.Model\QTMvc5Shop.Model.csproj", "{F7CD272D-9F4D-4AF9-B265-A5B7ED3CF3A1}"
EndProject
Project("{FAE04EC0-301F-11D3-BF4B-00C04F79EFBC}") = "QTMvc5Shop.Data", "QTMvc5Shop.Data\QTMvc5Shop.Data.csproj", "{968EB0F1-E441-4850-8E00-11B653872CE1}"
EndProject
Project("{FAE04EC0-301F-11D3-BF4B-00C04F79EFBC}") = "QTMvc5Shop.Service", "QTMvc5Shop.Service\QTMvc5Shop.Service.csproj", "{0D92EC92-E63B-4A44-B8A3-4412DA297BAA}"
EndProject
Project("{FAE04EC0-301F-11D3-BF4B-00C04F79EFBC}") = "QTMvc5Shop.UnitTest", "QTMvc5Shop.UnitTest\QTMvc5Shop.UnitTest.csproj", "{4A1876AB-0A3B-4CB6-AA21-302F796EAF5C}"
EndProject
Project("{FAE04EC0-301F-11D3-BF4B-00C04F79EFBC}") = "QTMvc5Shop.Web", "QTMvc5Shop.Web\QTMvc5Shop.Web.csproj", "{8DA00498-22AB-4A6F-BB6E-EBB18C747410}"
EndProject
Global
	GlobalSection(SolutionConfigurationPlatforms) = preSolution
		Debug|Any CPU = Debug|Any CPU
		Release|Any CPU = Release|Any CPU
	EndGlobalSection
	GlobalSection(ProjectConfigurationPlatforms) = postSolution
		{F3EF84D5-49D5-4C8F-BC3C-363DF7CC9F18}.Debug|Any CPU.ActiveCfg = Debug|Any CPU
		{F3EF84D5-49D5-4C8F-BC3C-363DF7CC9F18}.Debug|Any CPU.Build.0 = Debug|Any CPU
		{F3EF84D5-49D5-4C8F-BC3C-363DF7CC9F18}.Release|Any CPU.ActiveCfg = Release|Any CPU
		{F3EF84D5-49D5-4C8F-BC3C-363DF7CC9F18}.Release|Any CPU.Build.0 = Release|Any CPU
		{F7CD272D-9F4D-4AF9-B265-A5B7ED3CF3A1}.Debug|Any CPU.ActiveCfg = Debug|Any CPU
		{F7CD272D-9F4D-4AF9-B265-A5B7ED3CF3A1}.Debug|Any CPU.Build.0 = Debug|Any CPU
		{F7CD272D-9F4D-4AF9-B265-A5B7ED3CF3A1}.Release|Any CPU.ActiveCfg = Release|Any CPU
		{F7CD272D-9F4D-4AF9-B265-A5B7ED3CF3A1}.Release|Any CPU.Build.0 = Release|Any CPU
		{968EB0F1-E441-4850-8E00-11B653872CE1}.Debug|Any CPU.ActiveCfg = Debug|Any CPU
		{968EB0F1-E441-4850-8E00-11B653872CE1}.Debug|Any CPU.Build.0 = Debug|Any CPU
		{968EB0F1-E441-4850-8E00-11B653872CE1}.Release|Any CPU.ActiveCfg = Release|Any CPU
		{968EB0F1-E441-4850-8E00-11B653872CE1}.Release|Any CPU.Build.0 = Release|Any CPU
		{0D92EC92-E63B-4A44-B8A3-4412DA297BAA}.Debug|Any CPU.ActiveCfg = Debug|Any CPU
		{0D92EC92-E63B-4A44-B8A3-4412DA297BAA}.Debug|Any CPU.Build.0 = Debug|Any CPU
		{0D92EC92-E63B-4A44-B8A3-4412DA297BAA}.Release|Any CPU.ActiveCfg = Release|Any CPU
		{0D92EC92-E63B-4A44-B8A3-4412DA297BAA}.Release|Any CPU.Build.0 = Release|Any CPU
		{4A1876AB-0A3B-4CB6-AA21-302F796EAF5C}.Debug|Any CPU.ActiveCfg = Debug|Any CPU
		{4A1876AB-0A3B-4CB6-AA21-302F796EAF5C}.Debug|Any CPU.Build.0 = Debug|Any CPU
		{4A1876AB-0A3B-4CB6-AA21-302F796EAF5C}.Release|Any CPU.ActiveCfg = Release|Any CPU
		{4A1876AB-0A3B-4CB6-AA21-302F796EAF5C}.Release|Any CPU.Build.0 = Release|Any CPU
		{8DA00498-22AB-4A6F-BB6E-EBB18C747410}.Debug|Any CPU.ActiveCfg = Debug|Any CPU
		{8DA00498-22AB-4A6F-BB6E-EBB18C747410}.Debug|Any CPU.Build.0 = Debug|Any CPU
		{8DA00498-22AB-4A6F-BB6E-EBB18C747410}.Release|Any CPU.ActiveCfg = Release|Any CPU
		{8DA00498-22AB-4A6F-BB6E-EBB18C747410}.Release|Any CPU.Build.0 = Release|Any CPU
	EndGlobalSection
	GlobalSection(SolutionProperties) = preSolution
		HideSolutionNode = FALSE
	EndGlobalSection
EndGlobal
